
Microsoft Visual Studio Solution File, Format Version 12.00
# Visual Studio Version 17
VisualStudioVersion = 17.0.31903.59
MinimumVisualStudioVersion = 10.0.40219.1
Project("{9A19103F-16F7-4668-BE54-9A1E7A4F7556}") = "Townsharp", "Townsharp\Townsharp.csproj", "{DB6994D8-4283-4D31-995B-E362DAB2B9EA}"
EndProject
Project("{9A19103F-16F7-4668-BE54-9A1E7A4F7556}") = "Townsharp.Infrastructure", "Townsharp.Infrastructure\Townsharp.Infrastructure.csproj", "{4E1CFFF1-C15C-4541-85D4-9FC992FCAEDE}"
EndProject
Project("{9A19103F-16F7-4668-BE54-9A1E7A4F7556}") = "Tests.Townsharp", "Tests.Townsharp\Tests.Townsharp.csproj", "{8B25146B-09E4-4708-912F-4899B28C9367}"
EndProject
Project("{9A19103F-16F7-4668-BE54-9A1E7A4F7556}") = "Townsharp.Common", "Townsharp.Common\Townsharp.Common.csproj", "{3E720409-216E-428A-87D3-7AB185A99240}"
EndProject
Project("{9A19103F-16F7-4668-BE54-9A1E7A4F7556}") = "Townsharp.Core", "Townsharp.Core\Townsharp.Core.csproj", "{3C06D775-7243-4E85-A347-0A69F9C989D8}"
EndProject
Project("{FAE04EC0-301F-11D3-BF4B-00C04F79EFBC}") = "Tests.Townsharp.Common", "Tests.Townsharp.Common\Tests.Townsharp.Common.csproj", "{6233FFAD-8246-49B8-BF6A-4092230E3ECB}"
EndProject
Project("{2150E333-8FDC-42A3-9474-1A3956D46DE8}") = "libs", "libs", "{242FD5F8-C259-47D7-833A-0BF85C7E8030}"
EndProject
Project("{2150E333-8FDC-42A3-9474-1A3956D46DE8}") = "tests", "tests", "{49FA644A-D0AB-4F67-8547-4737D8033D1E}"
EndProject
Project("{FAE04EC0-301F-11D3-BF4B-00C04F79EFBC}") = "Tests.Townsharp.Core", "Tests.Townsharp.Core\Tests.Townsharp.Core.csproj", "{7F001466-3618-4273-8EAD-F09272FBA2AF}"
EndProject
Project("{FAE04EC0-301F-11D3-BF4B-00C04F79EFBC}") = "Tests.Townsharp.Infrastructure", "Tests.Townsharp.Infrastructure\Tests.Townsharp.Infrastructure.csproj", "{31A3F12B-F56B-4064-9FDE-178D88F0FFF7}"
EndProject
Global
	GlobalSection(SolutionConfigurationPlatforms) = preSolution
		Debug|Any CPU = Debug|Any CPU
		Release|Any CPU = Release|Any CPU
	EndGlobalSection
	GlobalSection(ProjectConfigurationPlatforms) = postSolution
		{DB6994D8-4283-4D31-995B-E362DAB2B9EA}.Debug|Any CPU.ActiveCfg = Debug|Any CPU
		{DB6994D8-4283-4D31-995B-E362DAB2B9EA}.Debug|Any CPU.Build.0 = Debug|Any CPU
		{DB6994D8-4283-4D31-995B-E362DAB2B9EA}.Release|Any CPU.ActiveCfg = Release|Any CPU
		{DB6994D8-4283-4D31-995B-E362DAB2B9EA}.Release|Any CPU.Build.0 = Release|Any CPU
		{4E1CFFF1-C15C-4541-85D4-9FC992FCAEDE}.Debug|Any CPU.ActiveCfg = Debug|Any CPU
		{4E1CFFF1-C15C-4541-85D4-9FC992FCAEDE}.Debug|Any CPU.Build.0 = Debug|Any CPU
		{4E1CFFF1-C15C-4541-85D4-9FC992FCAEDE}.Release|Any CPU.ActiveCfg = Release|Any CPU
		{4E1CFFF1-C15C-4541-85D4-9FC992FCAEDE}.Release|Any CPU.Build.0 = Release|Any CPU
		{8B25146B-09E4-4708-912F-4899B28C9367}.Debug|Any CPU.ActiveCfg = Debug|Any CPU
		{8B25146B-09E4-4708-912F-4899B28C9367}.Debug|Any CPU.Build.0 = Debug|Any CPU
		{8B25146B-09E4-4708-912F-4899B28C9367}.Release|Any CPU.ActiveCfg = Release|Any CPU
		{8B25146B-09E4-4708-912F-4899B28C9367}.Release|Any CPU.Build.0 = Release|Any CPU
		{3E720409-216E-428A-87D3-7AB185A99240}.Debug|Any CPU.ActiveCfg = Debug|Any CPU
		{3E720409-216E-428A-87D3-7AB185A99240}.Debug|Any CPU.Build.0 = Debug|Any CPU
		{3E720409-216E-428A-87D3-7AB185A99240}.Release|Any CPU.ActiveCfg = Release|Any CPU
		{3E720409-216E-428A-87D3-7AB185A99240}.Release|Any CPU.Build.0 = Release|Any CPU
		{3C06D775-7243-4E85-A347-0A69F9C989D8}.Debug|Any CPU.ActiveCfg = Debug|Any CPU
		{3C06D775-7243-4E85-A347-0A69F9C989D8}.Debug|Any CPU.Build.0 = Debug|Any CPU
		{3C06D775-7243-4E85-A347-0A69F9C989D8}.Release|Any CPU.ActiveCfg = Release|Any CPU
		{3C06D775-7243-4E85-A347-0A69F9C989D8}.Release|Any CPU.Build.0 = Release|Any CPU
		{6233FFAD-8246-49B8-BF6A-4092230E3ECB}.Debug|Any CPU.ActiveCfg = Debug|Any CPU
		{6233FFAD-8246-49B8-BF6A-4092230E3ECB}.Debug|Any CPU.Build.0 = Debug|Any CPU
		{6233FFAD-8246-49B8-BF6A-4092230E3ECB}.Release|Any CPU.ActiveCfg = Release|Any CPU
		{6233FFAD-8246-49B8-BF6A-4092230E3ECB}.Release|Any CPU.Build.0 = Release|Any CPU
		{7F001466-3618-4273-8EAD-F09272FBA2AF}.Debug|Any CPU.ActiveCfg = Debug|Any CPU
		{7F001466-3618-4273-8EAD-F09272FBA2AF}.Debug|Any CPU.Build.0 = Debug|Any CPU
		{7F001466-3618-4273-8EAD-F09272FBA2AF}.Release|Any CPU.ActiveCfg = Release|Any CPU
		{7F001466-3618-4273-8EAD-F09272FBA2AF}.Release|Any CPU.Build.0 = Release|Any CPU
		{31A3F12B-F56B-4064-9FDE-178D88F0FFF7}.Debug|Any CPU.ActiveCfg = Debug|Any CPU
		{31A3F12B-F56B-4064-9FDE-178D88F0FFF7}.Debug|Any CPU.Build.0 = Debug|Any CPU
		{31A3F12B-F56B-4064-9FDE-178D88F0FFF7}.Release|Any CPU.ActiveCfg = Release|Any CPU
		{31A3F12B-F56B-4064-9FDE-178D88F0FFF7}.Release|Any CPU.Build.0 = Release|Any CPU
	EndGlobalSection
	GlobalSection(SolutionProperties) = preSolution
		HideSolutionNode = FALSE
	EndGlobalSection
	GlobalSection(NestedProjects) = preSolution
		{DB6994D8-4283-4D31-995B-E362DAB2B9EA} = {242FD5F8-C259-47D7-833A-0BF85C7E8030}
		{4E1CFFF1-C15C-4541-85D4-9FC992FCAEDE} = {242FD5F8-C259-47D7-833A-0BF85C7E8030}
		{8B25146B-09E4-4708-912F-4899B28C9367} = {49FA644A-D0AB-4F67-8547-4737D8033D1E}
		{3E720409-216E-428A-87D3-7AB185A99240} = {242FD5F8-C259-47D7-833A-0BF85C7E8030}
		{3C06D775-7243-4E85-A347-0A69F9C989D8} = {242FD5F8-C259-47D7-833A-0BF85C7E8030}
		{6233FFAD-8246-49B8-BF6A-4092230E3ECB} = {49FA644A-D0AB-4F67-8547-4737D8033D1E}
		{7F001466-3618-4273-8EAD-F09272FBA2AF} = {49FA644A-D0AB-4F67-8547-4737D8033D1E}
		{31A3F12B-F56B-4064-9FDE-178D88F0FFF7} = {49FA644A-D0AB-4F67-8547-4737D8033D1E}
	EndGlobalSection
	GlobalSection(ExtensibilityGlobals) = postSolution
		SolutionGuid = {D03B5680-CE9E-4B64-8447-FC4B5B354A0D}
	EndGlobalSection
EndGlobal
