
Microsoft Visual Studio Solution File, Format Version 12.00
# Visual Studio Version 17
VisualStudioVersion = 17.0.31903.59
MinimumVisualStudioVersion = 10.0.40219.1
Project("{2150E333-8FDC-42A3-9474-1A3956D46DE8}") = "sdk", "sdk", "{78F94883-E1F7-4242-A213-A0A2C81EC766}"
EndProject
Project("{2150E333-8FDC-42A3-9474-1A3956D46DE8}") = "test", "test", "{CDCDDE6D-FBC0-4AFA-993E-305794DE98B9}"
EndProject
Project("{2150E333-8FDC-42A3-9474-1A3956D46DE8}") = "examples", "examples", "{C81834E1-44B7-49AD-9477-A2E5F0CB21DB}"
EndProject
Project("{9A19103F-16F7-4668-BE54-9A1E7A4F7556}") = "Townsharp", "sdk\Townsharp\Townsharp.csproj", "{725A92AD-B7FA-4BAC-9B80-C3FE3D6283F4}"
EndProject
Project("{9A19103F-16F7-4668-BE54-9A1E7A4F7556}") = "Townsharp.Infrastructure", "sdk\Townsharp.Infrastructure\Townsharp.Infrastructure.csproj", "{1A68F3D1-0274-4EF5-9DEC-354CC27EDB33}"
EndProject
Project("{9A19103F-16F7-4668-BE54-9A1E7A4F7556}") = "Townsharp.Core", "sdk\Townsharp.Core\Townsharp.Core.csproj", "{A65B27F8-1E6A-4674-A170-575D345A4804}"
EndProject
Project("{9A19103F-16F7-4668-BE54-9A1E7A4F7556}") = "Tests.Townsharp", "sdk\Tests.Townsharp\Tests.Townsharp.csproj", "{325DAEE7-D912-455C-B3E6-424D63EBD93D}"
EndProject
Project("{9A19103F-16F7-4668-BE54-9A1E7A4F7556}") = "Tests.Townsharp.Core", "sdk\Tests.Townsharp.Core\Tests.Townsharp.Core.csproj", "{BBF70CEA-31D6-4613-B52E-9099771C7C04}"
EndProject
Project("{9A19103F-16F7-4668-BE54-9A1E7A4F7556}") = "Tests.Townsharp.Infrastructure", "sdk\Tests.Townsharp.Infrastructure\Tests.Townsharp.Infrastructure.csproj", "{0C5900CC-4FE8-4BC6-8F7C-EF4F0243E874}"
EndProject
Project("{9A19103F-16F7-4668-BE54-9A1E7A4F7556}") = "ConsoleClient.Repl.Example", "examples\ConsoleClient.Repl.Example\ConsoleClient.Repl.Example.csproj", "{EB7F56AB-FC46-4D94-8C90-CE7AA4D76488}"
EndProject
Project("{9A19103F-16F7-4668-BE54-9A1E7A4F7556}") = "SubscriptionManager.DirectUsage.Example", "examples\SubscriptionManager.DirectUsage.Example\SubscriptionManager.DirectUsage.Example.csproj", "{B223EBFA-663C-4D4F-B9B2-3FBA8A9D93FE}"
EndProject
Project("{9A19103F-16F7-4668-BE54-9A1E7A4F7556}") = "Townsharp.CaveAnnouncer.Example", "examples\Townsharp.CaveAnnouncer.Example\Townsharp.CaveAnnouncer.Example.csproj", "{BED0A67B-9A51-444D-84A8-15A09A2C7E5D}"
EndProject
Project("{9A19103F-16F7-4668-BE54-9A1E7A4F7556}") = "TownsharpClient.CaveLayers.Example", "examples\TownsharpClient.CaveLayers.Example\TownsharpClient.CaveLayers.Example.csproj", "{536C993A-35C8-40D8-A9D6-8A9E895B8FFC}"
EndProject
Project("{9A19103F-16F7-4668-BE54-9A1E7A4F7556}") = "Townsharp.Client", "sdk\Townsharp.Client\Townsharp.Client.csproj", "{3474EB23-4011-4207-9D49-6EA8203AFFE0}"
EndProject
Project("{9A19103F-16F7-4668-BE54-9A1E7A4F7556}") = "Townsharp.Infrastructure.ConsoleExample", "examples\Townsharp.Infrastructure.ConsoleExample\Townsharp.Infrastructure.ConsoleExample.csproj", "{E07914B1-DFBA-4195-8A29-245C110212C9}"
EndProject
Project("{2150E333-8FDC-42A3-9474-1A3956D46DE8}") = "Scratch", "Scratch", "{B3D027DC-0097-451F-80C1-AB90ED77CD9F}"
EndProject
Project("{9A19103F-16F7-4668-BE54-9A1E7A4F7556}") = "ScratchDebugging", "scratch\ScratchDebugging\ScratchDebugging.csproj", "{7E295948-4331-432B-911F-4501A9DBF9B8}"
EndProject
Project("{FAE04EC0-301F-11D3-BF4B-00C04F79EFBC}") = "Tests.Townsharp.Client", "sdk\Tests.Townsharp.Client\Tests.Townsharp.Client.csproj", "{2DD6B70B-90D2-49AE-AF85-5A67C2D86805}"
EndProject
Global
	GlobalSection(SolutionConfigurationPlatforms) = preSolution
		Debug|Any CPU = Debug|Any CPU
		Release|Any CPU = Release|Any CPU
	EndGlobalSection
	GlobalSection(ProjectConfigurationPlatforms) = postSolution
		{725A92AD-B7FA-4BAC-9B80-C3FE3D6283F4}.Debug|Any CPU.ActiveCfg = Debug|Any CPU
		{725A92AD-B7FA-4BAC-9B80-C3FE3D6283F4}.Debug|Any CPU.Build.0 = Debug|Any CPU
		{725A92AD-B7FA-4BAC-9B80-C3FE3D6283F4}.Release|Any CPU.ActiveCfg = Release|Any CPU
		{725A92AD-B7FA-4BAC-9B80-C3FE3D6283F4}.Release|Any CPU.Build.0 = Release|Any CPU
		{1A68F3D1-0274-4EF5-9DEC-354CC27EDB33}.Debug|Any CPU.ActiveCfg = Debug|Any CPU
		{1A68F3D1-0274-4EF5-9DEC-354CC27EDB33}.Debug|Any CPU.Build.0 = Debug|Any CPU
		{1A68F3D1-0274-4EF5-9DEC-354CC27EDB33}.Release|Any CPU.ActiveCfg = Release|Any CPU
		{1A68F3D1-0274-4EF5-9DEC-354CC27EDB33}.Release|Any CPU.Build.0 = Release|Any CPU
		{A65B27F8-1E6A-4674-A170-575D345A4804}.Debug|Any CPU.ActiveCfg = Debug|Any CPU
		{A65B27F8-1E6A-4674-A170-575D345A4804}.Debug|Any CPU.Build.0 = Debug|Any CPU
		{A65B27F8-1E6A-4674-A170-575D345A4804}.Release|Any CPU.ActiveCfg = Release|Any CPU
		{A65B27F8-1E6A-4674-A170-575D345A4804}.Release|Any CPU.Build.0 = Release|Any CPU
		{325DAEE7-D912-455C-B3E6-424D63EBD93D}.Debug|Any CPU.ActiveCfg = Debug|Any CPU
		{325DAEE7-D912-455C-B3E6-424D63EBD93D}.Debug|Any CPU.Build.0 = Debug|Any CPU
		{325DAEE7-D912-455C-B3E6-424D63EBD93D}.Release|Any CPU.ActiveCfg = Release|Any CPU
		{325DAEE7-D912-455C-B3E6-424D63EBD93D}.Release|Any CPU.Build.0 = Release|Any CPU
		{BBF70CEA-31D6-4613-B52E-9099771C7C04}.Debug|Any CPU.ActiveCfg = Debug|Any CPU
		{BBF70CEA-31D6-4613-B52E-9099771C7C04}.Debug|Any CPU.Build.0 = Debug|Any CPU
		{BBF70CEA-31D6-4613-B52E-9099771C7C04}.Release|Any CPU.ActiveCfg = Release|Any CPU
		{BBF70CEA-31D6-4613-B52E-9099771C7C04}.Release|Any CPU.Build.0 = Release|Any CPU
		{0C5900CC-4FE8-4BC6-8F7C-EF4F0243E874}.Debug|Any CPU.ActiveCfg = Debug|Any CPU
		{0C5900CC-4FE8-4BC6-8F7C-EF4F0243E874}.Debug|Any CPU.Build.0 = Debug|Any CPU
		{0C5900CC-4FE8-4BC6-8F7C-EF4F0243E874}.Release|Any CPU.ActiveCfg = Release|Any CPU
		{0C5900CC-4FE8-4BC6-8F7C-EF4F0243E874}.Release|Any CPU.Build.0 = Release|Any CPU
		{EB7F56AB-FC46-4D94-8C90-CE7AA4D76488}.Debug|Any CPU.ActiveCfg = Debug|Any CPU
		{EB7F56AB-FC46-4D94-8C90-CE7AA4D76488}.Debug|Any CPU.Build.0 = Debug|Any CPU
		{EB7F56AB-FC46-4D94-8C90-CE7AA4D76488}.Release|Any CPU.ActiveCfg = Release|Any CPU
		{EB7F56AB-FC46-4D94-8C90-CE7AA4D76488}.Release|Any CPU.Build.0 = Release|Any CPU
		{B223EBFA-663C-4D4F-B9B2-3FBA8A9D93FE}.Debug|Any CPU.ActiveCfg = Debug|Any CPU
		{B223EBFA-663C-4D4F-B9B2-3FBA8A9D93FE}.Debug|Any CPU.Build.0 = Debug|Any CPU
		{B223EBFA-663C-4D4F-B9B2-3FBA8A9D93FE}.Release|Any CPU.ActiveCfg = Release|Any CPU
		{B223EBFA-663C-4D4F-B9B2-3FBA8A9D93FE}.Release|Any CPU.Build.0 = Release|Any CPU
		{BED0A67B-9A51-444D-84A8-15A09A2C7E5D}.Debug|Any CPU.ActiveCfg = Debug|Any CPU
		{BED0A67B-9A51-444D-84A8-15A09A2C7E5D}.Debug|Any CPU.Build.0 = Debug|Any CPU
		{BED0A67B-9A51-444D-84A8-15A09A2C7E5D}.Release|Any CPU.ActiveCfg = Release|Any CPU
		{BED0A67B-9A51-444D-84A8-15A09A2C7E5D}.Release|Any CPU.Build.0 = Release|Any CPU
		{536C993A-35C8-40D8-A9D6-8A9E895B8FFC}.Debug|Any CPU.ActiveCfg = Debug|Any CPU
		{536C993A-35C8-40D8-A9D6-8A9E895B8FFC}.Debug|Any CPU.Build.0 = Debug|Any CPU
		{536C993A-35C8-40D8-A9D6-8A9E895B8FFC}.Release|Any CPU.ActiveCfg = Release|Any CPU
		{536C993A-35C8-40D8-A9D6-8A9E895B8FFC}.Release|Any CPU.Build.0 = Release|Any CPU
		{3474EB23-4011-4207-9D49-6EA8203AFFE0}.Debug|Any CPU.ActiveCfg = Debug|Any CPU
		{3474EB23-4011-4207-9D49-6EA8203AFFE0}.Debug|Any CPU.Build.0 = Debug|Any CPU
		{3474EB23-4011-4207-9D49-6EA8203AFFE0}.Release|Any CPU.ActiveCfg = Release|Any CPU
		{3474EB23-4011-4207-9D49-6EA8203AFFE0}.Release|Any CPU.Build.0 = Release|Any CPU
		{E07914B1-DFBA-4195-8A29-245C110212C9}.Debug|Any CPU.ActiveCfg = Debug|Any CPU
		{E07914B1-DFBA-4195-8A29-245C110212C9}.Debug|Any CPU.Build.0 = Debug|Any CPU
		{E07914B1-DFBA-4195-8A29-245C110212C9}.Release|Any CPU.ActiveCfg = Release|Any CPU
		{E07914B1-DFBA-4195-8A29-245C110212C9}.Release|Any CPU.Build.0 = Release|Any CPU
		{7E295948-4331-432B-911F-4501A9DBF9B8}.Debug|Any CPU.ActiveCfg = Debug|Any CPU
		{7E295948-4331-432B-911F-4501A9DBF9B8}.Debug|Any CPU.Build.0 = Debug|Any CPU
		{7E295948-4331-432B-911F-4501A9DBF9B8}.Release|Any CPU.ActiveCfg = Release|Any CPU
		{7E295948-4331-432B-911F-4501A9DBF9B8}.Release|Any CPU.Build.0 = Release|Any CPU
		{2DD6B70B-90D2-49AE-AF85-5A67C2D86805}.Debug|Any CPU.ActiveCfg = Debug|Any CPU
		{2DD6B70B-90D2-49AE-AF85-5A67C2D86805}.Debug|Any CPU.Build.0 = Debug|Any CPU
		{2DD6B70B-90D2-49AE-AF85-5A67C2D86805}.Release|Any CPU.ActiveCfg = Release|Any CPU
		{2DD6B70B-90D2-49AE-AF85-5A67C2D86805}.Release|Any CPU.Build.0 = Release|Any CPU
	EndGlobalSection
	GlobalSection(SolutionProperties) = preSolution
		HideSolutionNode = FALSE
	EndGlobalSection
	GlobalSection(NestedProjects) = preSolution
		{725A92AD-B7FA-4BAC-9B80-C3FE3D6283F4} = {78F94883-E1F7-4242-A213-A0A2C81EC766}
		{1A68F3D1-0274-4EF5-9DEC-354CC27EDB33} = {78F94883-E1F7-4242-A213-A0A2C81EC766}
		{A65B27F8-1E6A-4674-A170-575D345A4804} = {78F94883-E1F7-4242-A213-A0A2C81EC766}
		{325DAEE7-D912-455C-B3E6-424D63EBD93D} = {CDCDDE6D-FBC0-4AFA-993E-305794DE98B9}
		{BBF70CEA-31D6-4613-B52E-9099771C7C04} = {CDCDDE6D-FBC0-4AFA-993E-305794DE98B9}
		{0C5900CC-4FE8-4BC6-8F7C-EF4F0243E874} = {CDCDDE6D-FBC0-4AFA-993E-305794DE98B9}
		{EB7F56AB-FC46-4D94-8C90-CE7AA4D76488} = {C81834E1-44B7-49AD-9477-A2E5F0CB21DB}
		{B223EBFA-663C-4D4F-B9B2-3FBA8A9D93FE} = {C81834E1-44B7-49AD-9477-A2E5F0CB21DB}
		{BED0A67B-9A51-444D-84A8-15A09A2C7E5D} = {C81834E1-44B7-49AD-9477-A2E5F0CB21DB}
		{536C993A-35C8-40D8-A9D6-8A9E895B8FFC} = {C81834E1-44B7-49AD-9477-A2E5F0CB21DB}
		{3474EB23-4011-4207-9D49-6EA8203AFFE0} = {78F94883-E1F7-4242-A213-A0A2C81EC766}
		{E07914B1-DFBA-4195-8A29-245C110212C9} = {C81834E1-44B7-49AD-9477-A2E5F0CB21DB}
		{7E295948-4331-432B-911F-4501A9DBF9B8} = {B3D027DC-0097-451F-80C1-AB90ED77CD9F}
		{2DD6B70B-90D2-49AE-AF85-5A67C2D86805} = {CDCDDE6D-FBC0-4AFA-993E-305794DE98B9}
	EndGlobalSection
	GlobalSection(ExtensibilityGlobals) = postSolution
		SolutionGuid = {D03B5680-CE9E-4B64-8447-FC4B5B354A0D}
	EndGlobalSection
EndGlobal
